
Microsoft Visual Studio Solution File, Format Version 12.00
# Visual Studio Version 16
VisualStudioVersion = 16.0.31205.134
MinimumVisualStudioVersion = 10.0.40219.1
Project("{FAE04EC0-301F-11D3-BF4B-00C04F79EFBC}") = "Week_6_Lab", "Week_6_Lab.csproj", "{E9D4A804-B083-4F82-A5E5-B3E3CD214F2F}"
EndProject
Global
	GlobalSection(SolutionConfigurationPlatforms) = preSolution
		Debug|Any CPU = Debug|Any CPU
		Release|Any CPU = Release|Any CPU
	EndGlobalSection
	GlobalSection(ProjectConfigurationPlatforms) = postSolution
		{E9D4A804-B083-4F82-A5E5-B3E3CD214F2F}.Debug|Any CPU.ActiveCfg = Debug|Any CPU
		{E9D4A804-B083-4F82-A5E5-B3E3CD214F2F}.Debug|Any CPU.Build.0 = Debug|Any CPU
		{E9D4A804-B083-4F82-A5E5-B3E3CD214F2F}.Release|Any CPU.ActiveCfg = Release|Any CPU
		{E9D4A804-B083-4F82-A5E5-B3E3CD214F2F}.Release|Any CPU.Build.0 = Release|Any CPU
	EndGlobalSection
	GlobalSection(SolutionProperties) = preSolution
		HideSolutionNode = FALSE
	EndGlobalSection
	GlobalSection(ExtensibilityGlobals) = postSolution
		SolutionGuid = {0B4E174E-9588-429F-9768-AD7C4654AED5}
	EndGlobalSection
EndGlobal
